
Microsoft Visual Studio Solution File, Format Version 12.00
# Visual Studio Version 17
VisualStudioVersion = 17.10.34928.147
MinimumVisualStudioVersion = 10.0.40219.1
Project("{FAE04EC0-301F-11D3-BF4B-00C04F79EFBC}") = "CinemaWPF", "CinemaWPF\CinemaWPF.csproj", "{06366876-0E78-4924-829A-E0CD58C252EE}"
EndProject
Global
	GlobalSection(SolutionConfigurationPlatforms) = preSolution
		Debug|Any CPU = Debug|Any CPU
		Release|Any CPU = Release|Any CPU
	EndGlobalSection
	GlobalSection(ProjectConfigurationPlatforms) = postSolution
		{06366876-0E78-4924-829A-E0CD58C252EE}.Debug|Any CPU.ActiveCfg = Debug|Any CPU
		{06366876-0E78-4924-829A-E0CD58C252EE}.Debug|Any CPU.Build.0 = Debug|Any CPU
		{06366876-0E78-4924-829A-E0CD58C252EE}.Release|Any CPU.ActiveCfg = Release|Any CPU
		{06366876-0E78-4924-829A-E0CD58C252EE}.Release|Any CPU.Build.0 = Release|Any CPU
	EndGlobalSection
	GlobalSection(SolutionProperties) = preSolution
		HideSolutionNode = FALSE
	EndGlobalSection
	GlobalSection(ExtensibilityGlobals) = postSolution
		SolutionGuid = {3755FA59-EC8D-4218-8982-1B9C20DB4A0B}
	EndGlobalSection
EndGlobal
